
Microsoft Visual Studio Solution File, Format Version 12.00
# Visual Studio Version 16
VisualStudioVersion = 16.0.30621.155
MinimumVisualStudioVersion = 10.0.40219.1
Project("{FAE04EC0-301F-11D3-BF4B-00C04F79EFBC}") = "MSwebapi", "MSwebapi.csproj", "{C7FD5D39-D5A3-4E34-B579-3EFC4651AE60}"
EndProject
Global
	GlobalSection(SolutionConfigurationPlatforms) = preSolution
		Debug|Any CPU = Debug|Any CPU
		Release|Any CPU = Release|Any CPU
	EndGlobalSection
	GlobalSection(ProjectConfigurationPlatforms) = postSolution
		{C7FD5D39-D5A3-4E34-B579-3EFC4651AE60}.Debug|Any CPU.ActiveCfg = Debug|Any CPU
		{C7FD5D39-D5A3-4E34-B579-3EFC4651AE60}.Debug|Any CPU.Build.0 = Debug|Any CPU
		{C7FD5D39-D5A3-4E34-B579-3EFC4651AE60}.Release|Any CPU.ActiveCfg = Release|Any CPU
		{C7FD5D39-D5A3-4E34-B579-3EFC4651AE60}.Release|Any CPU.Build.0 = Release|Any CPU
	EndGlobalSection
	GlobalSection(SolutionProperties) = preSolution
		HideSolutionNode = FALSE
	EndGlobalSection
	GlobalSection(ExtensibilityGlobals) = postSolution
		SolutionGuid = {0883BF7D-1C14-4D04-84C0-2878DF354E12}
	EndGlobalSection
EndGlobal
